PODS:
  - AWSAuthCore (2.8.4):
    - AWSCore (= 2.8.4)
  - AWSCognitoIdentityProvider (2.8.4):
    - AWSCognitoIdentityProviderASF (= 1.0.1)
    - AWSCore (= 2.8.4)
  - AWSCognitoIdentityProviderASF (1.0.1)
  - AWSCore (2.8.4)
  - AWSMobileClient (2.8.4):
    - AWSAuthCore (= 2.8.4)
    - AWSCognitoIdentityProvider (= 2.8.4)
  - AWSS3 (2.8.4):
    - AWSCore (= 2.8.4)
  - Charts (3.2.1):
    - Charts/Core (= 3.2.1)
  - Charts/Core (3.2.1)
  - EFCMark (0.0.2)
  - EFCountingLabel (4.1.0)
  - EFMarkdown (4.1.0):
    - EFCMark (= 0.0.2)
  - IQKeyboardManagerSwift (6.2.0)
  - Realm (3.13.1):
    - Realm/Headers (= 3.13.1)
  - Realm/Headers (3.13.1)
  - RealmSwift (3.13.1):
    - Realm (= 3.13.1)
  - SnapKit (4.0.1)

DEPENDENCIES:
  - AWSCore (~> 2.8.0)
  - AWSMobileClient (~> 2.8.0)
  - AWSS3 (~> 2.8.0)
  - Charts
  - EFCountingLabel (~> 4.0)
  - EFMarkdown
  - IQKeyboardManagerSwift
  - RealmSwift
  - SnapKit (~> 4.0.0)

SPEC REPOS:
  https://github.com/CocoaPods/Specs.git:
    - AWSAuthCore
    - AWSCognitoIdentityProvider
    - AWSCognitoIdentityProviderASF
    - AWSCore
    - AWSMobileClient
    - AWSS3
    - Charts
    - EFCMark
    - EFCountingLabel
    - EFMarkdown
    - IQKeyboardManagerSwift
    - Realm
    - RealmSwift
    - SnapKit

SPEC CHECKSUMS:
  AWSAuthCore: ac2536f54f73a2914c236e266cbec02a49f57d69
  AWSCognitoIdentityProvider: ba1858e7524b29254172ae333e1f96ddc93507dc
  AWSCognitoIdentityProviderASF: f94f1a502e72ef3d0a1de93e10bf7a79c8698118
  AWSCore: 734b0d67c2c77f6edae9e5520431a37310ea4193
  AWSMobileClient: 59072ca49e82706c6d958f7a08e4a285d7197af1
  AWSS3: ead679e0887fa3ca8dddd054643a197b55360f1f
  Charts: f122fb70b19847fa5817d018b77d6c5a2296ab25
  EFCMark: 78fb32ed4107c8efc640ad9d20ac31cd44ce2046
  EFCountingLabel: d3da80ee35b212f3b434ed9a3431653504b9f982
  EFMarkdown: d6373ec870be9ab8186c2409c1194e477377c014
  IQKeyboardManagerSwift: b07ccf9d8cafe993dcd6cb794eb4ba34611a0c4e
  Realm: 50071da38fe079e0735e47c9f2eae738c68c5996
  RealmSwift: 8a1e6a02b7a08cd17a31e3115143fb69fe5f3fb9
  SnapKit: 0de968a9fec17499afa29683b05d0c775b6d1c29

PODFILE CHECKSUM: 63f5c52605d38132078c813a856fb1792e6e6368

COCOAPODS: 1.5.3
